{
  "name": "mrcorpt-zen",
  "lockfileVersion": 3,
  "requires": true,
  "packages": {
    "": {
      "dependencies": {
        "mrcorpt-zen": "^1.0.0"
      }
    },
    "node_modules/mrcorpt-zen": {
      "version": "1.0.0",
      "resolved": "https://registry.npmjs.org/mrcorpt-zen/-/mrcorpt-zen-1.0.0.tgz",
      "integrity": "sha512-NFaCC7ajhDHwoWFoTZYYI0pKgtVr6saFgYpVv9bvmHICsGlUneKK6Sk1gRvVjtW5cJfOs6sVvb9SWRCdaEV7+w==",
      "license": "MIT"
    }
  }
}
